
Microsoft Visual Studio Solution File, Format Version 12.00
# Visual Studio Version 17
VisualStudioVersion = 17.11.35327.3
MinimumVisualStudioVersion = 10.0.40219.1
Project("{2150E333-8FDC-42A3-9474-1A3956D46DE8}") = "FrontEnd", "FrontEnd", "{181D3A33-E32B-4E20-9E9F-75372AEA2F4C}"
EndProject
Project("{2150E333-8FDC-42A3-9474-1A3956D46DE8}") = "Gateway", "Gateway", "{1D3B4199-B9D7-42F8-AAE4-9B58780395F3}"
EndProject
Project("{2150E333-8FDC-42A3-9474-1A3956D46DE8}") = "Integration", "Integration", "{572E1CFC-7C03-4886-8E44-53D5A7E2187E}"
EndProject
Project("{2150E333-8FDC-42A3-9474-1A3956D46DE8}") = "Services", "Services", "{008836A4-A227-4D08-8279-4A63A8DA6067}"
EndProject
Project("{9A19103F-16F7-4668-BE54-9A1E7A4F7556}") = "Mango.Services.CouponAPI", "Mango.Services.CouponAPI\Mango.Services.CouponAPI.csproj", "{6D15D33D-CD37-40FF-9B5D-223CC67C04D8}"
EndProject
Project("{9A19103F-16F7-4668-BE54-9A1E7A4F7556}") = "Mango.Web", "Mango.Web\Mango.Web.csproj", "{287CE8D3-7CA4-4E15-997C-A4E8BEAB4F7C}"
EndProject
Project("{9A19103F-16F7-4668-BE54-9A1E7A4F7556}") = "Mango.Services.AuthAPI", "Mango.Services.AuthAPI\Mango.Services.AuthAPI.csproj", "{B5EF82DD-FAF4-4D06-AE46-8DE0904455AD}"
EndProject
Project("{9A19103F-16F7-4668-BE54-9A1E7A4F7556}") = "Mango.Services.ProductAPI", "Mango.Services.ProductAPI\Mango.Services.ProductAPI.csproj", "{D98D3FCA-0020-4D6A-9BE7-A3B240B16CEE}"
EndProject
Project("{9A19103F-16F7-4668-BE54-9A1E7A4F7556}") = "Mango.Web.Services.ShoppingCartAPI", "Mango.Web.Services.ShoppingCartAPI\Mango.Web.Services.ShoppingCartAPI.csproj", "{7EB2C9CD-80DF-49A3-BC18-5DA8A2F11C9B}"
EndProject
Project("{9A19103F-16F7-4668-BE54-9A1E7A4F7556}") = "Mango.MessageBus", "Mango.MessageBus\Mango.MessageBus.csproj", "{A3761C9E-E99C-4F94-ABAD-FC6FAFEA317D}"
EndProject
Project("{9A19103F-16F7-4668-BE54-9A1E7A4F7556}") = "Mango.Services.EmailAPI", "Mango.Services.EmailAPI\Mango.Services.EmailAPI.csproj", "{F8FEA36F-F345-44A9-AE55-688A7A8F4748}"
EndProject
Project("{9A19103F-16F7-4668-BE54-9A1E7A4F7556}") = "Mango.Services.OrderAPI", "Mango.Services.OrderAPI\Mango.Services.OrderAPI.csproj", "{E6FE7914-BDFD-4935-9E26-6B941CD0B06A}"
EndProject
Project("{9A19103F-16F7-4668-BE54-9A1E7A4F7556}") = "Mango.Services.RewardAPI", "Mango.Services.RewardAPI\Mango.Services.RewardAPI.csproj", "{74D7C6BD-0E5C-4FAE-8BDB-315E297C1A54}"
EndProject
Project("{FAE04EC0-301F-11D3-BF4B-00C04F79EFBC}") = "Mango.GetewaySolution", "Mango.GetewaySolution\Mango.GetewaySolution.csproj", "{BDE98AE9-93EA-4C88-9BE5-C3F8CCB3EDDA}"
EndProject
Global
	GlobalSection(SolutionConfigurationPlatforms) = preSolution
		Debug|Any CPU = Debug|Any CPU
		Release|Any CPU = Release|Any CPU
	EndGlobalSection
	GlobalSection(ProjectConfigurationPlatforms) = postSolution
		{6D15D33D-CD37-40FF-9B5D-223CC67C04D8}.Debug|Any CPU.ActiveCfg = Debug|Any CPU
		{6D15D33D-CD37-40FF-9B5D-223CC67C04D8}.Debug|Any CPU.Build.0 = Debug|Any CPU
		{6D15D33D-CD37-40FF-9B5D-223CC67C04D8}.Release|Any CPU.ActiveCfg = Release|Any CPU
		{6D15D33D-CD37-40FF-9B5D-223CC67C04D8}.Release|Any CPU.Build.0 = Release|Any CPU
		{287CE8D3-7CA4-4E15-997C-A4E8BEAB4F7C}.Debug|Any CPU.ActiveCfg = Debug|Any CPU
		{287CE8D3-7CA4-4E15-997C-A4E8BEAB4F7C}.Debug|Any CPU.Build.0 = Debug|Any CPU
		{287CE8D3-7CA4-4E15-997C-A4E8BEAB4F7C}.Release|Any CPU.ActiveCfg = Release|Any CPU
		{287CE8D3-7CA4-4E15-997C-A4E8BEAB4F7C}.Release|Any CPU.Build.0 = Release|Any CPU
		{B5EF82DD-FAF4-4D06-AE46-8DE0904455AD}.Debug|Any CPU.ActiveCfg = Debug|Any CPU
		{B5EF82DD-FAF4-4D06-AE46-8DE0904455AD}.Debug|Any CPU.Build.0 = Debug|Any CPU
		{B5EF82DD-FAF4-4D06-AE46-8DE0904455AD}.Release|Any CPU.ActiveCfg = Release|Any CPU
		{B5EF82DD-FAF4-4D06-AE46-8DE0904455AD}.Release|Any CPU.Build.0 = Release|Any CPU
		{D98D3FCA-0020-4D6A-9BE7-A3B240B16CEE}.Debug|Any CPU.ActiveCfg = Debug|Any CPU
		{D98D3FCA-0020-4D6A-9BE7-A3B240B16CEE}.Debug|Any CPU.Build.0 = Debug|Any CPU
		{D98D3FCA-0020-4D6A-9BE7-A3B240B16CEE}.Release|Any CPU.ActiveCfg = Release|Any CPU
		{D98D3FCA-0020-4D6A-9BE7-A3B240B16CEE}.Release|Any CPU.Build.0 = Release|Any CPU
		{7EB2C9CD-80DF-49A3-BC18-5DA8A2F11C9B}.Debug|Any CPU.ActiveCfg = Debug|Any CPU
		{7EB2C9CD-80DF-49A3-BC18-5DA8A2F11C9B}.Debug|Any CPU.Build.0 = Debug|Any CPU
		{7EB2C9CD-80DF-49A3-BC18-5DA8A2F11C9B}.Release|Any CPU.ActiveCfg = Release|Any CPU
		{7EB2C9CD-80DF-49A3-BC18-5DA8A2F11C9B}.Release|Any CPU.Build.0 = Release|Any CPU
		{A3761C9E-E99C-4F94-ABAD-FC6FAFEA317D}.Debug|Any CPU.ActiveCfg = Debug|Any CPU
		{A3761C9E-E99C-4F94-ABAD-FC6FAFEA317D}.Debug|Any CPU.Build.0 = Debug|Any CPU
		{A3761C9E-E99C-4F94-ABAD-FC6FAFEA317D}.Release|Any CPU.ActiveCfg = Release|Any CPU
		{A3761C9E-E99C-4F94-ABAD-FC6FAFEA317D}.Release|Any CPU.Build.0 = Release|Any CPU
		{F8FEA36F-F345-44A9-AE55-688A7A8F4748}.Debug|Any CPU.ActiveCfg = Debug|Any CPU
		{F8FEA36F-F345-44A9-AE55-688A7A8F4748}.Debug|Any CPU.Build.0 = Debug|Any CPU
		{F8FEA36F-F345-44A9-AE55-688A7A8F4748}.Release|Any CPU.ActiveCfg = Release|Any CPU
		{F8FEA36F-F345-44A9-AE55-688A7A8F4748}.Release|Any CPU.Build.0 = Release|Any CPU
		{E6FE7914-BDFD-4935-9E26-6B941CD0B06A}.Debug|Any CPU.ActiveCfg = Debug|Any CPU
		{E6FE7914-BDFD-4935-9E26-6B941CD0B06A}.Debug|Any CPU.Build.0 = Debug|Any CPU
		{E6FE7914-BDFD-4935-9E26-6B941CD0B06A}.Release|Any CPU.ActiveCfg = Release|Any CPU
		{E6FE7914-BDFD-4935-9E26-6B941CD0B06A}.Release|Any CPU.Build.0 = Release|Any CPU
		{74D7C6BD-0E5C-4FAE-8BDB-315E297C1A54}.Debug|Any CPU.ActiveCfg = Debug|Any CPU
		{74D7C6BD-0E5C-4FAE-8BDB-315E297C1A54}.Debug|Any CPU.Build.0 = Debug|Any CPU
		{74D7C6BD-0E5C-4FAE-8BDB-315E297C1A54}.Release|Any CPU.ActiveCfg = Release|Any CPU
		{74D7C6BD-0E5C-4FAE-8BDB-315E297C1A54}.Release|Any CPU.Build.0 = Release|Any CPU
		{BDE98AE9-93EA-4C88-9BE5-C3F8CCB3EDDA}.Debug|Any CPU.ActiveCfg = Debug|Any CPU
		{BDE98AE9-93EA-4C88-9BE5-C3F8CCB3EDDA}.Debug|Any CPU.Build.0 = Debug|Any CPU
		{BDE98AE9-93EA-4C88-9BE5-C3F8CCB3EDDA}.Release|Any CPU.ActiveCfg = Release|Any CPU
		{BDE98AE9-93EA-4C88-9BE5-C3F8CCB3EDDA}.Release|Any CPU.Build.0 = Release|Any CPU
	EndGlobalSection
	GlobalSection(SolutionProperties) = preSolution
		HideSolutionNode = FALSE
	EndGlobalSection
	GlobalSection(NestedProjects) = preSolution
		{6D15D33D-CD37-40FF-9B5D-223CC67C04D8} = {008836A4-A227-4D08-8279-4A63A8DA6067}
		{287CE8D3-7CA4-4E15-997C-A4E8BEAB4F7C} = {181D3A33-E32B-4E20-9E9F-75372AEA2F4C}
		{B5EF82DD-FAF4-4D06-AE46-8DE0904455AD} = {008836A4-A227-4D08-8279-4A63A8DA6067}
		{D98D3FCA-0020-4D6A-9BE7-A3B240B16CEE} = {008836A4-A227-4D08-8279-4A63A8DA6067}
		{7EB2C9CD-80DF-49A3-BC18-5DA8A2F11C9B} = {008836A4-A227-4D08-8279-4A63A8DA6067}
		{A3761C9E-E99C-4F94-ABAD-FC6FAFEA317D} = {572E1CFC-7C03-4886-8E44-53D5A7E2187E}
		{F8FEA36F-F345-44A9-AE55-688A7A8F4748} = {008836A4-A227-4D08-8279-4A63A8DA6067}
		{E6FE7914-BDFD-4935-9E26-6B941CD0B06A} = {008836A4-A227-4D08-8279-4A63A8DA6067}
		{74D7C6BD-0E5C-4FAE-8BDB-315E297C1A54} = {008836A4-A227-4D08-8279-4A63A8DA6067}
		{BDE98AE9-93EA-4C88-9BE5-C3F8CCB3EDDA} = {1D3B4199-B9D7-42F8-AAE4-9B58780395F3}
	EndGlobalSection
	GlobalSection(ExtensibilityGlobals) = postSolution
		SolutionGuid = {6C96CF8F-209E-402B-BBA7-8E67324F6859}
	EndGlobalSection
EndGlobal
